
Microsoft Visual Studio Solution File, Format Version 12.00
# Visual Studio 15
VisualStudioVersion = 15.0.26430.13
MinimumVisualStudioVersion = 10.0.40219.1
Project("{2150E333-8FDC-42A3-9474-1A3956D46DE8}") = "Engine", "Engine", "{B2437DDC-F2AD-489A-B28C-84A618AF2775}"
EndProject
Project("{2150E333-8FDC-42A3-9474-1A3956D46DE8}") = "Games", "Games", "{79AF3CE6-EB79-4B0F-AD26-B79B54E06BDB}"
EndProject
Project("{8BC9CEB8-8B4A-11D0-8D11-00A0C91BC942}") = "UE4", "Intermediate\ProjectFiles\UE4.vcxproj", "{A2742C80-B228-4AEE-893B-4B7B6B3223A1}"
EndProject
Project("{8BC9CEB8-8B4A-11D0-8D11-00A0C91BC942}") = "BuildingEscape", "Intermediate\ProjectFiles\BuildingEscape.vcxproj", "{83B0300C-52A6-4B9F-A057-4C270957B444}"
EndProject
Global
	GlobalSection(SolutionConfigurationPlatforms) = preSolution
		DebugGame Editor|HTML5 = DebugGame Editor|HTML5
		DebugGame Editor|Win32 = DebugGame Editor|Win32
		DebugGame Editor|Win64 = DebugGame Editor|Win64
		DebugGame|HTML5 = DebugGame|HTML5
		DebugGame|Win32 = DebugGame|Win32
		DebugGame|Win64 = DebugGame|Win64
		Development Editor|HTML5 = Development Editor|HTML5
		Development Editor|Win32 = Development Editor|Win32
		Development Editor|Win64 = Development Editor|Win64
		Development|HTML5 = Development|HTML5
		Development|Win32 = Development|Win32
		Development|Win64 = Development|Win64
		Shipping|HTML5 = Shipping|HTML5
		Shipping|Win32 = Shipping|Win32
		Shipping|Win64 = Shipping|Win64
	EndGlobalSection
	GlobalSection(ProjectConfigurationPlatforms) = postSolution
		{A2742C80-B228-4AEE-893B-4B7B6B3223A1}.DebugGame Editor|HTML5.ActiveCfg = BuiltWithUnrealBuildTool|Win32
		{A2742C80-B228-4AEE-893B-4B7B6B3223A1}.DebugGame Editor|HTML5.Build.0 = BuiltWithUnrealBuildTool|Win32
		{A2742C80-B228-4AEE-893B-4B7B6B3223A1}.DebugGame Editor|Win32.ActiveCfg = BuiltWithUnrealBuildTool|Win32
		{A2742C80-B228-4AEE-893B-4B7B6B3223A1}.DebugGame Editor|Win32.Build.0 = BuiltWithUnrealBuildTool|Win32
		{A2742C80-B228-4AEE-893B-4B7B6B3223A1}.DebugGame Editor|Win64.ActiveCfg = BuiltWithUnrealBuildTool|Win32
		{A2742C80-B228-4AEE-893B-4B7B6B3223A1}.DebugGame Editor|Win64.Build.0 = BuiltWithUnrealBuildTool|Win32
		{A2742C80-B228-4AEE-893B-4B7B6B3223A1}.DebugGame|HTML5.ActiveCfg = BuiltWithUnrealBuildTool|Win32
		{A2742C80-B228-4AEE-893B-4B7B6B3223A1}.DebugGame|HTML5.Build.0 = BuiltWithUnrealBuildTool|Win32
		{A2742C80-B228-4AEE-893B-4B7B6B3223A1}.DebugGame|Win32.ActiveCfg = BuiltWithUnrealBuildTool|Win32
		{A2742C80-B228-4AEE-893B-4B7B6B3223A1}.DebugGame|Win32.Build.0 = BuiltWithUnrealBuildTool|Win32
		{A2742C80-B228-4AEE-893B-4B7B6B3223A1}.DebugGame|Win64.ActiveCfg = BuiltWithUnrealBuildTool|Win32
		{A2742C80-B228-4AEE-893B-4B7B6B3223A1}.DebugGame|Win64.Build.0 = BuiltWithUnrealBuildTool|Win32
		{A2742C80-B228-4AEE-893B-4B7B6B3223A1}.Development Editor|HTML5.ActiveCfg = BuiltWithUnrealBuildTool|Win32
		{A2742C80-B228-4AEE-893B-4B7B6B3223A1}.Development Editor|HTML5.Build.0 = BuiltWithUnrealBuildTool|Win32
		{A2742C80-B228-4AEE-893B-4B7B6B3223A1}.Development Editor|Win32.ActiveCfg = BuiltWithUnrealBuildTool|Win32
		{A2742C80-B228-4AEE-893B-4B7B6B3223A1}.Development Editor|Win32.Build.0 = BuiltWithUnrealBuildTool|Win32
		{A2742C80-B228-4AEE-893B-4B7B6B3223A1}.Development Editor|Win64.ActiveCfg = BuiltWithUnrealBuildTool|Win32
		{A2742C80-B228-4AEE-893B-4B7B6B3223A1}.Development Editor|Win64.Build.0 = BuiltWithUnrealBuildTool|Win32
		{A2742C80-B228-4AEE-893B-4B7B6B3223A1}.Development|HTML5.ActiveCfg = BuiltWithUnrealBuildTool|Win32
		{A2742C80-B228-4AEE-893B-4B7B6B3223A1}.Development|HTML5.Build.0 = BuiltWithUnrealBuildTool|Win32
		{A2742C80-B228-4AEE-893B-4B7B6B3223A1}.Development|Win32.ActiveCfg = BuiltWithUnrealBuildTool|Win32
		{A2742C80-B228-4AEE-893B-4B7B6B3223A1}.Development|Win32.Build.0 = BuiltWithUnrealBuildTool|Win32
		{A2742C80-B228-4AEE-893B-4B7B6B3223A1}.Development|Win64.ActiveCfg = BuiltWithUnrealBuildTool|Win32
		{A2742C80-B228-4AEE-893B-4B7B6B3223A1}.Development|Win64.Build.0 = BuiltWithUnrealBuildTool|Win32
		{A2742C80-B228-4AEE-893B-4B7B6B3223A1}.Shipping|HTML5.ActiveCfg = BuiltWithUnrealBuildTool|Win32
		{A2742C80-B228-4AEE-893B-4B7B6B3223A1}.Shipping|HTML5.Build.0 = BuiltWithUnrealBuildTool|Win32
		{A2742C80-B228-4AEE-893B-4B7B6B3223A1}.Shipping|Win32.ActiveCfg = BuiltWithUnrealBuildTool|Win32
		{A2742C80-B228-4AEE-893B-4B7B6B3223A1}.Shipping|Win32.Build.0 = BuiltWithUnrealBuildTool|Win32
		{A2742C80-B228-4AEE-893B-4B7B6B3223A1}.Shipping|Win64.ActiveCfg = BuiltWithUnrealBuildTool|Win32
		{A2742C80-B228-4AEE-893B-4B7B6B3223A1}.Shipping|Win64.Build.0 = BuiltWithUnrealBuildTool|Win32
		{83B0300C-52A6-4B9F-A057-4C270957B444}.DebugGame Editor|HTML5.ActiveCfg = HTML5_DebugGame_Editor|Win32
		{83B0300C-52A6-4B9F-A057-4C270957B444}.DebugGame Editor|Win32.ActiveCfg = DebugGame_Editor|Win32
		{83B0300C-52A6-4B9F-A057-4C270957B444}.DebugGame Editor|Win64.ActiveCfg = DebugGame_Editor|x64
		{83B0300C-52A6-4B9F-A057-4C270957B444}.DebugGame Editor|Win64.Build.0 = DebugGame_Editor|x64
		{83B0300C-52A6-4B9F-A057-4C270957B444}.DebugGame|HTML5.ActiveCfg = HTML5_DebugGame_Game|Win32
		{83B0300C-52A6-4B9F-A057-4C270957B444}.DebugGame|HTML5.Build.0 = HTML5_DebugGame_Game|Win32
		{83B0300C-52A6-4B9F-A057-4C270957B444}.DebugGame|Win32.ActiveCfg = DebugGame_Game|Win32
		{83B0300C-52A6-4B9F-A057-4C270957B444}.DebugGame|Win32.Build.0 = DebugGame_Game|Win32
		{83B0300C-52A6-4B9F-A057-4C270957B444}.DebugGame|Win64.ActiveCfg = DebugGame_Game|x64
		{83B0300C-52A6-4B9F-A057-4C270957B444}.DebugGame|Win64.Build.0 = DebugGame_Game|x64
		{83B0300C-52A6-4B9F-A057-4C270957B444}.Development Editor|HTML5.ActiveCfg = HTML5_Development_Editor|Win32
		{83B0300C-52A6-4B9F-A057-4C270957B444}.Development Editor|Win32.ActiveCfg = Development_Editor|Win32
		{83B0300C-52A6-4B9F-A057-4C270957B444}.Development Editor|Win64.ActiveCfg = Development_Editor|x64
		{83B0300C-52A6-4B9F-A057-4C270957B444}.Development Editor|Win64.Build.0 = Development_Editor|x64
		{83B0300C-52A6-4B9F-A057-4C270957B444}.Development|HTML5.ActiveCfg = HTML5_Development_Game|Win32
		{83B0300C-52A6-4B9F-A057-4C270957B444}.Development|HTML5.Build.0 = HTML5_Development_Game|Win32
		{83B0300C-52A6-4B9F-A057-4C270957B444}.Development|Win32.ActiveCfg = Development_Game|Win32
		{83B0300C-52A6-4B9F-A057-4C270957B444}.Development|Win32.Build.0 = Development_Game|Win32
		{83B0300C-52A6-4B9F-A057-4C270957B444}.Development|Win64.ActiveCfg = Development_Game|x64
		{83B0300C-52A6-4B9F-A057-4C270957B444}.Development|Win64.Build.0 = Development_Game|x64
		{83B0300C-52A6-4B9F-A057-4C270957B444}.Shipping|HTML5.ActiveCfg = HTML5_Shipping_Game|Win32
		{83B0300C-52A6-4B9F-A057-4C270957B444}.Shipping|HTML5.Build.0 = HTML5_Shipping_Game|Win32
		{83B0300C-52A6-4B9F-A057-4C270957B444}.Shipping|Win32.ActiveCfg = Shipping_Game|Win32
		{83B0300C-52A6-4B9F-A057-4C270957B444}.Shipping|Win32.Build.0 = Shipping_Game|Win32
		{83B0300C-52A6-4B9F-A057-4C270957B444}.Shipping|Win64.ActiveCfg = Shipping_Game|x64
		{83B0300C-52A6-4B9F-A057-4C270957B444}.Shipping|Win64.Build.0 = Shipping_Game|x64
	EndGlobalSection
	GlobalSection(SolutionProperties) = preSolution
		HideSolutionNode = FALSE
	EndGlobalSection
	GlobalSection(NestedProjects) = preSolution
		{A2742C80-B228-4AEE-893B-4B7B6B3223A1} = {B2437DDC-F2AD-489A-B28C-84A618AF2775}
		{83B0300C-52A6-4B9F-A057-4C270957B444} = {79AF3CE6-EB79-4B0F-AD26-B79B54E06BDB}
	EndGlobalSection
EndGlobal
